
Microsoft Visual Studio Solution File, Format Version 12.00
# Visual Studio 2012
VisualStudioVersion = 14.0.23107.0
MinimumVisualStudioVersion = 10.0.40219.1
Project("{FAE04EC0-301F-11D3-BF4B-00C04F79EFBC}") = "SGTabbedPager", "SGTabbedPager\SGTabbedPager.csproj", "{B5CB36F0-11F2-48E4-9DEE-21DB3742DAF5}"
EndProject
Project("{FAE04EC0-301F-11D3-BF4B-00C04F79EFBC}") = "SGTabbedPagerMvx", "SGTabbedPagerMvx\SGTabbedPagerMvx.csproj", "{78B8B77D-BF64-4E01-A266-ECA287103852}"
EndProject
Project("{2150E333-8FDC-42A3-9474-1A3956D46DE8}") = "nuspec", "nuspec", "{FB840E6C-F4A9-4688-9A2E-B6005030DB21}"
	ProjectSection(SolutionItems) = preProject
		nuspec\pack.bat = nuspec\pack.bat
		nuspec\SGTabbedPager.nuspec = nuspec\SGTabbedPager.nuspec
		nuspec\SGTabbedPagerMvx.nuspec = nuspec\SGTabbedPagerMvx.nuspec
	EndProjectSection
EndProject
Project("{2150E333-8FDC-42A3-9474-1A3956D46DE8}") = "Samples", "Samples", "{1E46C7F7-2953-458B-B7F1-C524AEAC028F}"
EndProject
Project("{FAE04EC0-301F-11D3-BF4B-00C04F79EFBC}") = "Sample.Core", "Samples\Sample.Core\Sample.Core.csproj", "{5DDC0EBC-50E5-4237-B378-9F4484D78007}"
EndProject
Project("{FAE04EC0-301F-11D3-BF4B-00C04F79EFBC}") = "Sample.iOS", "Samples\Sample.iOS\Sample.iOS.csproj", "{13EE9929-1FD5-4B41-A1E4-B96F96A0ABD4}"
EndProject
Global
	GlobalSection(SolutionConfigurationPlatforms) = preSolution
		Ad-Hoc|Any CPU = Ad-Hoc|Any CPU
		Ad-Hoc|iPhone = Ad-Hoc|iPhone
		Ad-Hoc|iPhoneSimulator = Ad-Hoc|iPhoneSimulator
		AppStore|Any CPU = AppStore|Any CPU
		AppStore|iPhone = AppStore|iPhone
		AppStore|iPhoneSimulator = AppStore|iPhoneSimulator
		Debug|Any CPU = Debug|Any CPU
		Debug|iPhone = Debug|iPhone
		Debug|iPhoneSimulator = Debug|iPhoneSimulator
		Release|Any CPU = Release|Any CPU
		Release|iPhone = Release|iPhone
		Release|iPhoneSimulator = Release|iPhoneSimulator
	EndGlobalSection
	GlobalSection(ProjectConfigurationPlatforms) = postSolution
		{13EE9929-1FD5-4B41-A1E4-B96F96A0ABD4}.Ad-Hoc|Any CPU.ActiveCfg = Debug|iPhoneSimulator
		{13EE9929-1FD5-4B41-A1E4-B96F96A0ABD4}.Ad-Hoc|Any CPU.Build.0 = Debug|iPhoneSimulator
		{13EE9929-1FD5-4B41-A1E4-B96F96A0ABD4}.Ad-Hoc|iPhone.ActiveCfg = Release|iPhone
		{13EE9929-1FD5-4B41-A1E4-B96F96A0ABD4}.Ad-Hoc|iPhone.Build.0 = Release|iPhone
		{13EE9929-1FD5-4B41-A1E4-B96F96A0ABD4}.Ad-Hoc|iPhoneSimulator.ActiveCfg = Debug|iPhoneSimulator
		{13EE9929-1FD5-4B41-A1E4-B96F96A0ABD4}.Ad-Hoc|iPhoneSimulator.Build.0 = Debug|iPhoneSimulator
		{13EE9929-1FD5-4B41-A1E4-B96F96A0ABD4}.AppStore|Any CPU.ActiveCfg = Debug|iPhoneSimulator
		{13EE9929-1FD5-4B41-A1E4-B96F96A0ABD4}.AppStore|Any CPU.Build.0 = Debug|iPhoneSimulator
		{13EE9929-1FD5-4B41-A1E4-B96F96A0ABD4}.AppStore|iPhone.ActiveCfg = Release|iPhone
		{13EE9929-1FD5-4B41-A1E4-B96F96A0ABD4}.AppStore|iPhone.Build.0 = Release|iPhone
		{13EE9929-1FD5-4B41-A1E4-B96F96A0ABD4}.AppStore|iPhoneSimulator.ActiveCfg = Debug|iPhoneSimulator
		{13EE9929-1FD5-4B41-A1E4-B96F96A0ABD4}.AppStore|iPhoneSimulator.Build.0 = Debug|iPhoneSimulator
		{13EE9929-1FD5-4B41-A1E4-B96F96A0ABD4}.Debug|Any CPU.ActiveCfg = Debug|iPhoneSimulator
		{13EE9929-1FD5-4B41-A1E4-B96F96A0ABD4}.Debug|Any CPU.Build.0 = Debug|iPhoneSimulator
		{13EE9929-1FD5-4B41-A1E4-B96F96A0ABD4}.Debug|iPhone.ActiveCfg = Debug|iPhone
		{13EE9929-1FD5-4B41-A1E4-B96F96A0ABD4}.Debug|iPhone.Build.0 = Debug|iPhone
		{13EE9929-1FD5-4B41-A1E4-B96F96A0ABD4}.Debug|iPhoneSimulator.ActiveCfg = Debug|iPhoneSimulator
		{13EE9929-1FD5-4B41-A1E4-B96F96A0ABD4}.Debug|iPhoneSimulator.Build.0 = Debug|iPhoneSimulator
		{13EE9929-1FD5-4B41-A1E4-B96F96A0ABD4}.Release|Any CPU.ActiveCfg = Release|iPhone
		{13EE9929-1FD5-4B41-A1E4-B96F96A0ABD4}.Release|Any CPU.Build.0 = Release|iPhone
		{13EE9929-1FD5-4B41-A1E4-B96F96A0ABD4}.Release|iPhone.ActiveCfg = Release|iPhone
		{13EE9929-1FD5-4B41-A1E4-B96F96A0ABD4}.Release|iPhone.Build.0 = Release|iPhone
		{13EE9929-1FD5-4B41-A1E4-B96F96A0ABD4}.Release|iPhoneSimulator.ActiveCfg = Release|iPhoneSimulator
		{13EE9929-1FD5-4B41-A1E4-B96F96A0ABD4}.Release|iPhoneSimulator.Build.0 = Release|iPhoneSimulator
		{5DDC0EBC-50E5-4237-B378-9F4484D78007}.Ad-Hoc|Any CPU.ActiveCfg = Release|Any CPU
		{5DDC0EBC-50E5-4237-B378-9F4484D78007}.Ad-Hoc|Any CPU.Build.0 = Release|Any CPU
		{5DDC0EBC-50E5-4237-B378-9F4484D78007}.Ad-Hoc|iPhone.ActiveCfg = Release|Any CPU
		{5DDC0EBC-50E5-4237-B378-9F4484D78007}.Ad-Hoc|iPhone.Build.0 = Release|Any CPU
		{5DDC0EBC-50E5-4237-B378-9F4484D78007}.Ad-Hoc|iPhoneSimulator.ActiveCfg = Release|Any CPU
		{5DDC0EBC-50E5-4237-B378-9F4484D78007}.Ad-Hoc|iPhoneSimulator.Build.0 = Release|Any CPU
		{5DDC0EBC-50E5-4237-B378-9F4484D78007}.AppStore|Any CPU.ActiveCfg = Release|Any CPU
		{5DDC0EBC-50E5-4237-B378-9F4484D78007}.AppStore|Any CPU.Build.0 = Release|Any CPU
		{5DDC0EBC-50E5-4237-B378-9F4484D78007}.AppStore|iPhone.ActiveCfg = Release|Any CPU
		{5DDC0EBC-50E5-4237-B378-9F4484D78007}.AppStore|iPhone.Build.0 = Release|Any CPU
		{5DDC0EBC-50E5-4237-B378-9F4484D78007}.AppStore|iPhoneSimulator.ActiveCfg = Release|Any CPU
		{5DDC0EBC-50E5-4237-B378-9F4484D78007}.AppStore|iPhoneSimulator.Build.0 = Release|Any CPU
		{5DDC0EBC-50E5-4237-B378-9F4484D78007}.Debug|Any CPU.ActiveCfg = Debug|Any CPU
		{5DDC0EBC-50E5-4237-B378-9F4484D78007}.Debug|Any CPU.Build.0 = Debug|Any CPU
		{5DDC0EBC-50E5-4237-B378-9F4484D78007}.Debug|iPhone.ActiveCfg = Debug|Any CPU
		{5DDC0EBC-50E5-4237-B378-9F4484D78007}.Debug|iPhone.Build.0 = Debug|Any CPU
		{5DDC0EBC-50E5-4237-B378-9F4484D78007}.Debug|iPhoneSimulator.ActiveCfg = Debug|Any CPU
		{5DDC0EBC-50E5-4237-B378-9F4484D78007}.Debug|iPhoneSimulator.Build.0 = Debug|Any CPU
		{5DDC0EBC-50E5-4237-B378-9F4484D78007}.Release|Any CPU.ActiveCfg = Release|Any CPU
		{5DDC0EBC-50E5-4237-B378-9F4484D78007}.Release|Any CPU.Build.0 = Release|Any CPU
		{5DDC0EBC-50E5-4237-B378-9F4484D78007}.Release|iPhone.ActiveCfg = Release|Any CPU
		{5DDC0EBC-50E5-4237-B378-9F4484D78007}.Release|iPhone.Build.0 = Release|Any CPU
		{5DDC0EBC-50E5-4237-B378-9F4484D78007}.Release|iPhoneSimulator.ActiveCfg = Release|Any CPU
		{5DDC0EBC-50E5-4237-B378-9F4484D78007}.Release|iPhoneSimulator.Build.0 = Release|Any CPU
		{78B8B77D-BF64-4E01-A266-ECA287103852}.Ad-Hoc|Any CPU.ActiveCfg = Release|Any CPU
		{78B8B77D-BF64-4E01-A266-ECA287103852}.Ad-Hoc|Any CPU.Build.0 = Release|Any CPU
		{78B8B77D-BF64-4E01-A266-ECA287103852}.Ad-Hoc|iPhone.ActiveCfg = Release|Any CPU
		{78B8B77D-BF64-4E01-A266-ECA287103852}.Ad-Hoc|iPhone.Build.0 = Release|Any CPU
		{78B8B77D-BF64-4E01-A266-ECA287103852}.Ad-Hoc|iPhoneSimulator.ActiveCfg = Release|Any CPU
		{78B8B77D-BF64-4E01-A266-ECA287103852}.Ad-Hoc|iPhoneSimulator.Build.0 = Release|Any CPU
		{78B8B77D-BF64-4E01-A266-ECA287103852}.AppStore|Any CPU.ActiveCfg = Release|Any CPU
		{78B8B77D-BF64-4E01-A266-ECA287103852}.AppStore|Any CPU.Build.0 = Release|Any CPU
		{78B8B77D-BF64-4E01-A266-ECA287103852}.AppStore|iPhone.ActiveCfg = Release|Any CPU
		{78B8B77D-BF64-4E01-A266-ECA287103852}.AppStore|iPhone.Build.0 = Release|Any CPU
		{78B8B77D-BF64-4E01-A266-ECA287103852}.AppStore|iPhoneSimulator.ActiveCfg = Release|Any CPU
		{78B8B77D-BF64-4E01-A266-ECA287103852}.AppStore|iPhoneSimulator.Build.0 = Release|Any CPU
		{78B8B77D-BF64-4E01-A266-ECA287103852}.Debug|Any CPU.ActiveCfg = Debug|Any CPU
		{78B8B77D-BF64-4E01-A266-ECA287103852}.Debug|Any CPU.Build.0 = Debug|Any CPU
		{78B8B77D-BF64-4E01-A266-ECA287103852}.Debug|iPhone.ActiveCfg = Debug|Any CPU
		{78B8B77D-BF64-4E01-A266-ECA287103852}.Debug|iPhone.Build.0 = Debug|Any CPU
		{78B8B77D-BF64-4E01-A266-ECA287103852}.Debug|iPhoneSimulator.ActiveCfg = Debug|Any CPU
		{78B8B77D-BF64-4E01-A266-ECA287103852}.Debug|iPhoneSimulator.Build.0 = Debug|Any CPU
		{78B8B77D-BF64-4E01-A266-ECA287103852}.Release|Any CPU.ActiveCfg = Release|Any CPU
		{78B8B77D-BF64-4E01-A266-ECA287103852}.Release|Any CPU.Build.0 = Release|Any CPU
		{78B8B77D-BF64-4E01-A266-ECA287103852}.Release|iPhone.ActiveCfg = Release|Any CPU
		{78B8B77D-BF64-4E01-A266-ECA287103852}.Release|iPhone.Build.0 = Release|Any CPU
		{78B8B77D-BF64-4E01-A266-ECA287103852}.Release|iPhoneSimulator.ActiveCfg = Release|Any CPU
		{78B8B77D-BF64-4E01-A266-ECA287103852}.Release|iPhoneSimulator.Build.0 = Release|Any CPU
		{B5CB36F0-11F2-48E4-9DEE-21DB3742DAF5}.Ad-Hoc|Any CPU.ActiveCfg = Release|Any CPU
		{B5CB36F0-11F2-48E4-9DEE-21DB3742DAF5}.Ad-Hoc|Any CPU.Build.0 = Release|Any CPU
		{B5CB36F0-11F2-48E4-9DEE-21DB3742DAF5}.Ad-Hoc|iPhone.ActiveCfg = Release|Any CPU
		{B5CB36F0-11F2-48E4-9DEE-21DB3742DAF5}.Ad-Hoc|iPhone.Build.0 = Release|Any CPU
		{B5CB36F0-11F2-48E4-9DEE-21DB3742DAF5}.Ad-Hoc|iPhoneSimulator.ActiveCfg = Release|Any CPU
		{B5CB36F0-11F2-48E4-9DEE-21DB3742DAF5}.Ad-Hoc|iPhoneSimulator.Build.0 = Release|Any CPU
		{B5CB36F0-11F2-48E4-9DEE-21DB3742DAF5}.AppStore|Any CPU.ActiveCfg = Release|Any CPU
		{B5CB36F0-11F2-48E4-9DEE-21DB3742DAF5}.AppStore|Any CPU.Build.0 = Release|Any CPU
		{B5CB36F0-11F2-48E4-9DEE-21DB3742DAF5}.AppStore|iPhone.ActiveCfg = Release|Any CPU
		{B5CB36F0-11F2-48E4-9DEE-21DB3742DAF5}.AppStore|iPhone.Build.0 = Release|Any CPU
		{B5CB36F0-11F2-48E4-9DEE-21DB3742DAF5}.AppStore|iPhoneSimulator.ActiveCfg = Release|Any CPU
		{B5CB36F0-11F2-48E4-9DEE-21DB3742DAF5}.AppStore|iPhoneSimulator.Build.0 = Release|Any CPU
		{B5CB36F0-11F2-48E4-9DEE-21DB3742DAF5}.Debug|Any CPU.ActiveCfg = Debug|Any CPU
		{B5CB36F0-11F2-48E4-9DEE-21DB3742DAF5}.Debug|Any CPU.Build.0 = Debug|Any CPU
		{B5CB36F0-11F2-48E4-9DEE-21DB3742DAF5}.Debug|iPhone.ActiveCfg = Debug|Any CPU
		{B5CB36F0-11F2-48E4-9DEE-21DB3742DAF5}.Debug|iPhone.Build.0 = Debug|Any CPU
		{B5CB36F0-11F2-48E4-9DEE-21DB3742DAF5}.Debug|iPhoneSimulator.ActiveCfg = Debug|Any CPU
		{B5CB36F0-11F2-48E4-9DEE-21DB3742DAF5}.Debug|iPhoneSimulator.Build.0 = Debug|Any CPU
		{B5CB36F0-11F2-48E4-9DEE-21DB3742DAF5}.Release|Any CPU.ActiveCfg = Release|Any CPU
		{B5CB36F0-11F2-48E4-9DEE-21DB3742DAF5}.Release|Any CPU.Build.0 = Release|Any CPU
		{B5CB36F0-11F2-48E4-9DEE-21DB3742DAF5}.Release|iPhone.ActiveCfg = Release|Any CPU
		{B5CB36F0-11F2-48E4-9DEE-21DB3742DAF5}.Release|iPhone.Build.0 = Release|Any CPU
		{B5CB36F0-11F2-48E4-9DEE-21DB3742DAF5}.Release|iPhoneSimulator.ActiveCfg = Release|Any CPU
		{B5CB36F0-11F2-48E4-9DEE-21DB3742DAF5}.Release|iPhoneSimulator.Build.0 = Release|Any CPU
	EndGlobalSection
	GlobalSection(NestedProjects) = preSolution
		{5DDC0EBC-50E5-4237-B378-9F4484D78007} = {1E46C7F7-2953-458B-B7F1-C524AEAC028F}
		{13EE9929-1FD5-4B41-A1E4-B96F96A0ABD4} = {1E46C7F7-2953-458B-B7F1-C524AEAC028F}
	EndGlobalSection
	GlobalSection(SolutionProperties) = preSolution
		HideSolutionNode = FALSE
	EndGlobalSection
EndGlobal
